
Microsoft Visual Studio Solution File, Format Version 12.00
# Visual Studio 15
VisualStudioVersion = 15.0.26430.14
MinimumVisualStudioVersion = 10.0.40219.1
Project("{FAE04EC0-301F-11D3-BF4B-00C04F79EFBC}") = "MailerCore", "MailerCore\MailerCore.csproj", "{4EEC0287-5B89-497C-8BE7-AFB77E589ACA}"
EndProject
Project("{FAE04EC0-301F-11D3-BF4B-00C04F79EFBC}") = "MailerWindowsService", "MailerService\MailerWindowsService.csproj", "{96E29C2E-0044-4590-A73D-5003263F4C94}"
EndProject
Project("{FAE04EC0-301F-11D3-BF4B-00C04F79EFBC}") = "MailerDb", "MailerDb\MailerDb.csproj", "{12F86E05-268B-4E11-9BF5-C557EA346F5C}"
EndProject
Project("{FAE04EC0-301F-11D3-BF4B-00C04F79EFBC}") = "MailerCommon", "MailerCommon\MailerCommon.csproj", "{2CCBB105-310C-4921-B385-677784DD1895}"
EndProject
Project("{2150E333-8FDC-42A3-9474-1A3956D46DE8}") = "Common", "Common", "{4CA5D615-109C-46CA-9385-80D10A0BA6C8}"
EndProject
Project("{2150E333-8FDC-42A3-9474-1A3956D46DE8}") = "Applications", "Applications", "{8D60876B-2515-4532-B234-9650006FB214}"
EndProject
Project("{2150E333-8FDC-42A3-9474-1A3956D46DE8}") = "Data", "Data", "{502E2238-B034-4FA1-80D3-649D72A578D6}"
EndProject
Project("{2150E333-8FDC-42A3-9474-1A3956D46DE8}") = "Interfaces", "Interfaces", "{3797EC80-7FC5-46DD-9192-122E870DBA32}"
EndProject
Project("{2150E333-8FDC-42A3-9474-1A3956D46DE8}") = "Services", "Services", "{3B3CCF2A-E7CB-41BB-9EE8-C0FF3EEA9206}"
EndProject
Project("{FAE04EC0-301F-11D3-BF4B-00C04F79EFBC}") = "MailerInterface", "MailerInterface\MailerInterface.csproj", "{C6181E55-1325-4E33-A6B7-8591DE80F823}"
EndProject
Project("{FAE04EC0-301F-11D3-BF4B-00C04F79EFBC}") = "MailerRepository", "MailerRepository\MailerRepository.csproj", "{EBE4C6BE-3549-41AA-A6D7-4A02818C10E2}"
EndProject
Project("{FAE04EC0-301F-11D3-BF4B-00C04F79EFBC}") = "MailerService", "MailerServices\MailerService.csproj", "{101359D1-54A3-48F9-8125-F2D0702829DC}"
EndProject
Project("{FAE04EC0-301F-11D3-BF4B-00C04F79EFBC}") = "MailerCoreDto", "MailerDto\MailerCoreDto.csproj", "{4DDE4D57-2D2D-4041-87FF-1000722D5B00}"
EndProject
Project("{FAE04EC0-301F-11D3-BF4B-00C04F79EFBC}") = "MailerBllDto", "MailerBllDto\MailerBllDto.csproj", "{C6AB35C1-E665-4499-903C-5989C09379CC}"
EndProject
Project("{2150E333-8FDC-42A3-9474-1A3956D46DE8}") = "Prototypes", "Prototypes", "{CFEFB37F-979D-40ED-ADDA-FB663A2C13F3}"
EndProject
Project("{FAE04EC0-301F-11D3-BF4B-00C04F79EFBC}") = "Prototype", "Prototype\Prototype.csproj", "{DDBD19B4-FAD8-4BA6-92C6-84AE555D2C00}"
EndProject
Project("{FAE04EC0-301F-11D3-BF4B-00C04F79EFBC}") = "MailerUtilities", "MailerUtilities\MailerUtilities.csproj", "{78D45351-ED35-4329-A702-9EF811EC25BA}"
EndProject
Global
	GlobalSection(SolutionConfigurationPlatforms) = preSolution
		Debug|Any CPU = Debug|Any CPU
		Release|Any CPU = Release|Any CPU
	EndGlobalSection
	GlobalSection(ProjectConfigurationPlatforms) = postSolution
		{4EEC0287-5B89-497C-8BE7-AFB77E589ACA}.Debug|Any CPU.ActiveCfg = Debug|Any CPU
		{4EEC0287-5B89-497C-8BE7-AFB77E589ACA}.Debug|Any CPU.Build.0 = Debug|Any CPU
		{4EEC0287-5B89-497C-8BE7-AFB77E589ACA}.Release|Any CPU.ActiveCfg = Release|Any CPU
		{4EEC0287-5B89-497C-8BE7-AFB77E589ACA}.Release|Any CPU.Build.0 = Release|Any CPU
		{96E29C2E-0044-4590-A73D-5003263F4C94}.Debug|Any CPU.ActiveCfg = Debug|Any CPU
		{96E29C2E-0044-4590-A73D-5003263F4C94}.Debug|Any CPU.Build.0 = Debug|Any CPU
		{96E29C2E-0044-4590-A73D-5003263F4C94}.Release|Any CPU.ActiveCfg = Release|Any CPU
		{96E29C2E-0044-4590-A73D-5003263F4C94}.Release|Any CPU.Build.0 = Release|Any CPU
		{12F86E05-268B-4E11-9BF5-C557EA346F5C}.Debug|Any CPU.ActiveCfg = Debug|Any CPU
		{12F86E05-268B-4E11-9BF5-C557EA346F5C}.Debug|Any CPU.Build.0 = Debug|Any CPU
		{12F86E05-268B-4E11-9BF5-C557EA346F5C}.Release|Any CPU.ActiveCfg = Release|Any CPU
		{12F86E05-268B-4E11-9BF5-C557EA346F5C}.Release|Any CPU.Build.0 = Release|Any CPU
		{2CCBB105-310C-4921-B385-677784DD1895}.Debug|Any CPU.ActiveCfg = Debug|Any CPU
		{2CCBB105-310C-4921-B385-677784DD1895}.Debug|Any CPU.Build.0 = Debug|Any CPU
		{2CCBB105-310C-4921-B385-677784DD1895}.Release|Any CPU.ActiveCfg = Release|Any CPU
		{2CCBB105-310C-4921-B385-677784DD1895}.Release|Any CPU.Build.0 = Release|Any CPU
		{C6181E55-1325-4E33-A6B7-8591DE80F823}.Debug|Any CPU.ActiveCfg = Debug|Any CPU
		{C6181E55-1325-4E33-A6B7-8591DE80F823}.Debug|Any CPU.Build.0 = Debug|Any CPU
		{C6181E55-1325-4E33-A6B7-8591DE80F823}.Release|Any CPU.ActiveCfg = Release|Any CPU
		{C6181E55-1325-4E33-A6B7-8591DE80F823}.Release|Any CPU.Build.0 = Release|Any CPU
		{EBE4C6BE-3549-41AA-A6D7-4A02818C10E2}.Debug|Any CPU.ActiveCfg = Debug|Any CPU
		{EBE4C6BE-3549-41AA-A6D7-4A02818C10E2}.Debug|Any CPU.Build.0 = Debug|Any CPU
		{EBE4C6BE-3549-41AA-A6D7-4A02818C10E2}.Release|Any CPU.ActiveCfg = Release|Any CPU
		{EBE4C6BE-3549-41AA-A6D7-4A02818C10E2}.Release|Any CPU.Build.0 = Release|Any CPU
		{101359D1-54A3-48F9-8125-F2D0702829DC}.Debug|Any CPU.ActiveCfg = Debug|Any CPU
		{101359D1-54A3-48F9-8125-F2D0702829DC}.Debug|Any CPU.Build.0 = Debug|Any CPU
		{101359D1-54A3-48F9-8125-F2D0702829DC}.Release|Any CPU.ActiveCfg = Release|Any CPU
		{101359D1-54A3-48F9-8125-F2D0702829DC}.Release|Any CPU.Build.0 = Release|Any CPU
		{4DDE4D57-2D2D-4041-87FF-1000722D5B00}.Debug|Any CPU.ActiveCfg = Debug|Any CPU
		{4DDE4D57-2D2D-4041-87FF-1000722D5B00}.Debug|Any CPU.Build.0 = Debug|Any CPU
		{4DDE4D57-2D2D-4041-87FF-1000722D5B00}.Release|Any CPU.ActiveCfg = Release|Any CPU
		{4DDE4D57-2D2D-4041-87FF-1000722D5B00}.Release|Any CPU.Build.0 = Release|Any CPU
		{C6AB35C1-E665-4499-903C-5989C09379CC}.Debug|Any CPU.ActiveCfg = Debug|Any CPU
		{C6AB35C1-E665-4499-903C-5989C09379CC}.Debug|Any CPU.Build.0 = Debug|Any CPU
		{C6AB35C1-E665-4499-903C-5989C09379CC}.Release|Any CPU.ActiveCfg = Release|Any CPU
		{C6AB35C1-E665-4499-903C-5989C09379CC}.Release|Any CPU.Build.0 = Release|Any CPU
		{DDBD19B4-FAD8-4BA6-92C6-84AE555D2C00}.Debug|Any CPU.ActiveCfg = Debug|Any CPU
		{DDBD19B4-FAD8-4BA6-92C6-84AE555D2C00}.Debug|Any CPU.Build.0 = Debug|Any CPU
		{DDBD19B4-FAD8-4BA6-92C6-84AE555D2C00}.Release|Any CPU.ActiveCfg = Release|Any CPU
		{DDBD19B4-FAD8-4BA6-92C6-84AE555D2C00}.Release|Any CPU.Build.0 = Release|Any CPU
		{78D45351-ED35-4329-A702-9EF811EC25BA}.Debug|Any CPU.ActiveCfg = Debug|Any CPU
		{78D45351-ED35-4329-A702-9EF811EC25BA}.Debug|Any CPU.Build.0 = Debug|Any CPU
		{78D45351-ED35-4329-A702-9EF811EC25BA}.Release|Any CPU.ActiveCfg = Release|Any CPU
		{78D45351-ED35-4329-A702-9EF811EC25BA}.Release|Any CPU.Build.0 = Release|Any CPU
	EndGlobalSection
	GlobalSection(SolutionProperties) = preSolution
		HideSolutionNode = FALSE
	EndGlobalSection
	GlobalSection(NestedProjects) = preSolution
		{4EEC0287-5B89-497C-8BE7-AFB77E589ACA} = {8D60876B-2515-4532-B234-9650006FB214}
		{96E29C2E-0044-4590-A73D-5003263F4C94} = {8D60876B-2515-4532-B234-9650006FB214}
		{12F86E05-268B-4E11-9BF5-C557EA346F5C} = {502E2238-B034-4FA1-80D3-649D72A578D6}
		{2CCBB105-310C-4921-B385-677784DD1895} = {4CA5D615-109C-46CA-9385-80D10A0BA6C8}
		{C6181E55-1325-4E33-A6B7-8591DE80F823} = {3797EC80-7FC5-46DD-9192-122E870DBA32}
		{EBE4C6BE-3549-41AA-A6D7-4A02818C10E2} = {502E2238-B034-4FA1-80D3-649D72A578D6}
		{101359D1-54A3-48F9-8125-F2D0702829DC} = {3B3CCF2A-E7CB-41BB-9EE8-C0FF3EEA9206}
		{4DDE4D57-2D2D-4041-87FF-1000722D5B00} = {502E2238-B034-4FA1-80D3-649D72A578D6}
		{C6AB35C1-E665-4499-903C-5989C09379CC} = {502E2238-B034-4FA1-80D3-649D72A578D6}
		{DDBD19B4-FAD8-4BA6-92C6-84AE555D2C00} = {CFEFB37F-979D-40ED-ADDA-FB663A2C13F3}
		{78D45351-ED35-4329-A702-9EF811EC25BA} = {4CA5D615-109C-46CA-9385-80D10A0BA6C8}
	EndGlobalSection
EndGlobal
