
Microsoft Visual Studio Solution File, Format Version 12.00
# Visual Studio 15
VisualStudioVersion = 15.0.26430.14
MinimumVisualStudioVersion = 10.0.40219.1
Project("{FAE04EC0-301F-11D3-BF4B-00C04F79EFBC}") = "MailerCore", "MailerCore\MailerCore.csproj", "{4EEC0287-5B89-497C-8BE7-AFB77E589ACA}"
EndProject
Project("{FAE04EC0-301F-11D3-BF4B-00C04F79EFBC}") = "MailerService", "MailerService\MailerService.csproj", "{96E29C2E-0044-4590-A73D-5003263F4C94}"
EndProject
Project("{FAE04EC0-301F-11D3-BF4B-00C04F79EFBC}") = "MailerDb", "MailerDb\MailerDb.csproj", "{12F86E05-268B-4E11-9BF5-C557EA346F5C}"
EndProject
Project("{FAE04EC0-301F-11D3-BF4B-00C04F79EFBC}") = "MailerCommon", "MailerCommon\MailerCommon.csproj", "{2CCBB105-310C-4921-B385-677784DD1895}"
EndProject
Project("{2150E333-8FDC-42A3-9474-1A3956D46DE8}") = "Common", "Common", "{4CA5D615-109C-46CA-9385-80D10A0BA6C8}"
EndProject
Project("{2150E333-8FDC-42A3-9474-1A3956D46DE8}") = "Applications", "Applications", "{8D60876B-2515-4532-B234-9650006FB214}"
EndProject
Project("{2150E333-8FDC-42A3-9474-1A3956D46DE8}") = "Data", "Data", "{502E2238-B034-4FA1-80D3-649D72A578D6}"
EndProject
Global
	GlobalSection(SolutionConfigurationPlatforms) = preSolution
		Debug|Any CPU = Debug|Any CPU
		Release|Any CPU = Release|Any CPU
	EndGlobalSection
	GlobalSection(ProjectConfigurationPlatforms) = postSolution
		{4EEC0287-5B89-497C-8BE7-AFB77E589ACA}.Debug|Any CPU.ActiveCfg = Debug|Any CPU
		{4EEC0287-5B89-497C-8BE7-AFB77E589ACA}.Debug|Any CPU.Build.0 = Debug|Any CPU
		{4EEC0287-5B89-497C-8BE7-AFB77E589ACA}.Release|Any CPU.ActiveCfg = Release|Any CPU
		{4EEC0287-5B89-497C-8BE7-AFB77E589ACA}.Release|Any CPU.Build.0 = Release|Any CPU
		{96E29C2E-0044-4590-A73D-5003263F4C94}.Debug|Any CPU.ActiveCfg = Debug|Any CPU
		{96E29C2E-0044-4590-A73D-5003263F4C94}.Debug|Any CPU.Build.0 = Debug|Any CPU
		{96E29C2E-0044-4590-A73D-5003263F4C94}.Release|Any CPU.ActiveCfg = Release|Any CPU
		{96E29C2E-0044-4590-A73D-5003263F4C94}.Release|Any CPU.Build.0 = Release|Any CPU
		{12F86E05-268B-4E11-9BF5-C557EA346F5C}.Debug|Any CPU.ActiveCfg = Debug|Any CPU
		{12F86E05-268B-4E11-9BF5-C557EA346F5C}.Debug|Any CPU.Build.0 = Debug|Any CPU
		{12F86E05-268B-4E11-9BF5-C557EA346F5C}.Release|Any CPU.ActiveCfg = Release|Any CPU
		{12F86E05-268B-4E11-9BF5-C557EA346F5C}.Release|Any CPU.Build.0 = Release|Any CPU
		{2CCBB105-310C-4921-B385-677784DD1895}.Debug|Any CPU.ActiveCfg = Debug|Any CPU
		{2CCBB105-310C-4921-B385-677784DD1895}.Debug|Any CPU.Build.0 = Debug|Any CPU
		{2CCBB105-310C-4921-B385-677784DD1895}.Release|Any CPU.ActiveCfg = Release|Any CPU
		{2CCBB105-310C-4921-B385-677784DD1895}.Release|Any CPU.Build.0 = Release|Any CPU
	EndGlobalSection
	GlobalSection(SolutionProperties) = preSolution
		HideSolutionNode = FALSE
	EndGlobalSection
	GlobalSection(NestedProjects) = preSolution
		{4EEC0287-5B89-497C-8BE7-AFB77E589ACA} = {8D60876B-2515-4532-B234-9650006FB214}
		{96E29C2E-0044-4590-A73D-5003263F4C94} = {8D60876B-2515-4532-B234-9650006FB214}
		{12F86E05-268B-4E11-9BF5-C557EA346F5C} = {502E2238-B034-4FA1-80D3-649D72A578D6}
		{2CCBB105-310C-4921-B385-677784DD1895} = {4CA5D615-109C-46CA-9385-80D10A0BA6C8}
	EndGlobalSection
EndGlobal
