
Microsoft Visual Studio Solution File, Format Version 12.00
# Visual Studio 15
VisualStudioVersion = 15.0.27004.2002
MinimumVisualStudioVersion = 10.0.40219.1
Project("{2150E333-8FDC-42A3-9474-1A3956D46DE8}") = "Common", "Common", "{4CA5D615-109C-46CA-9385-80D10A0BA6C8}"
EndProject
Project("{2150E333-8FDC-42A3-9474-1A3956D46DE8}") = "Applications", "Applications", "{8D60876B-2515-4532-B234-9650006FB214}"
EndProject
Project("{2150E333-8FDC-42A3-9474-1A3956D46DE8}") = "DAL", "DAL", "{502E2238-B034-4FA1-80D3-649D72A578D6}"
EndProject
Project("{2150E333-8FDC-42A3-9474-1A3956D46DE8}") = "Interfaces", "Interfaces", "{3797EC80-7FC5-46DD-9192-122E870DBA32}"
EndProject
Project("{2150E333-8FDC-42A3-9474-1A3956D46DE8}") = "Services", "Services", "{3B3CCF2A-E7CB-41BB-9EE8-C0FF3EEA9206}"
EndProject
Project("{2150E333-8FDC-42A3-9474-1A3956D46DE8}") = "Prototypes", "Prototypes", "{CFEFB37F-979D-40ED-ADDA-FB663A2C13F3}"
EndProject
Project("{FAE04EC0-301F-11D3-BF4B-00C04F79EFBC}") = "Prototype", "Prototype\Prototype.csproj", "{DDBD19B4-FAD8-4BA6-92C6-84AE555D2C00}"
EndProject
Project("{2150E333-8FDC-42A3-9474-1A3956D46DE8}") = "Tests", "Tests", "{3DF2E0A0-A33A-4B8F-A2A4-B785EE8BE5FA}"
EndProject
Project("{2150E333-8FDC-42A3-9474-1A3956D46DE8}") = "Domain", "Domain", "{830F8AE3-0AD3-49EC-BA55-63E406078D81}"
EndProject
Project("{FAE04EC0-301F-11D3-BF4B-00C04F79EFBC}") = "Mailer.Domain.Core", "Mailer.Domain.Core\Mailer.Domain.Core.csproj", "{4DDE4D57-2D2D-4041-87FF-1000722D5B00}"
EndProject
Project("{FAE04EC0-301F-11D3-BF4B-00C04F79EFBC}") = "Mailer.Domain.WS", "Mailer.Domain.WS\Mailer.Domain.WS.csproj", "{C6AB35C1-E665-4499-903C-5989C09379CC}"
EndProject
Project("{FAE04EC0-301F-11D3-BF4B-00C04F79EFBC}") = "Mailer.DAL.Db", "Mailer.DAL.Db\Mailer.DAL.Db.csproj", "{12F86E05-268B-4E11-9BF5-C557EA346F5C}"
EndProject
Project("{FAE04EC0-301F-11D3-BF4B-00C04F79EFBC}") = "Mailer.Common", "Mailer.Common\Mailer.Common.csproj", "{2CCBB105-310C-4921-B385-677784DD1895}"
EndProject
Project("{FAE04EC0-301F-11D3-BF4B-00C04F79EFBC}") = "Mailer.Utilities", "Mailer.Utilities\Mailer.Utilities.csproj", "{78D45351-ED35-4329-A702-9EF811EC25BA}"
EndProject
Project("{FAE04EC0-301F-11D3-BF4B-00C04F79EFBC}") = "Mailer.Core", "Mailer.Core\Mailer.Core.csproj", "{4EEC0287-5B89-497C-8BE7-AFB77E589ACA}"
EndProject
Project("{FAE04EC0-301F-11D3-BF4B-00C04F79EFBC}") = "Mailer.WindowsService", "Mailer.WindowsService\Mailer.WindowsService.csproj", "{96E29C2E-0044-4590-A73D-5003263F4C94}"
EndProject
Project("{FAE04EC0-301F-11D3-BF4B-00C04F79EFBC}") = "Mailer.Core.IntegrationTest", "Mailer.Core.IntegrationTest\Mailer.Core.IntegrationTest.csproj", "{E6929BD7-C686-4E6C-9426-818D0CF5E307}"
EndProject
Project("{FAE04EC0-301F-11D3-BF4B-00C04F79EFBC}") = "Mailer.Service.WS", "Mailer.Service.WS\Mailer.Service.WS.csproj", "{B1F56D0B-C68A-48FE-BFDF-7DA085C8F300}"
EndProject
Project("{FAE04EC0-301F-11D3-BF4B-00C04F79EFBC}") = "Mailer.Service.Core", "Mailer.Service.Core\Mailer.Service.Core.csproj", "{22423F27-D00C-41E3-9F95-037FA3DC1969}"
EndProject
Project("{FAE04EC0-301F-11D3-BF4B-00C04F79EFBC}") = "Mailer.Service.Interface.WS", "Mailer.Service.Interface.WS\Mailer.Service.Interface.WS.csproj", "{861C178C-3433-428E-8E5D-33B13FE3D311}"
EndProject
Project("{FAE04EC0-301F-11D3-BF4B-00C04F79EFBC}") = "Mailer.Service.Interface.Core", "Mailer.Service.Interface.Core\Mailer.Service.Interface.Core.csproj", "{7CA26E32-FA60-45F1-960F-24EB02CBDE4D}"
EndProject
Project("{FAE04EC0-301F-11D3-BF4B-00C04F79EFBC}") = "Mailer.DAL.Repository.WS", "Mailer.DAL.Repository.WS\Mailer.DAL.Repository.WS.csproj", "{994B8886-F04A-4F60-B57F-2E3D0BA460D5}"
EndProject
Project("{FAE04EC0-301F-11D3-BF4B-00C04F79EFBC}") = "Mailer.DAL.Repository.Core", "Mailer.DAL.Repository.Core\Mailer.DAL.Repository.Core.csproj", "{A5D636C6-59D5-491A-91FD-67B609ED8CEB}"
EndProject
Project("{FAE04EC0-301F-11D3-BF4B-00C04F79EFBC}") = "Mailer.Repository.Interface.Core", "Mailer.Repository.Interface.Core\Mailer.Repository.Interface.Core.csproj", "{671B0EB1-3D8F-4218-BFC2-F4ED3714F176}"
EndProject
Project("{FAE04EC0-301F-11D3-BF4B-00C04F79EFBC}") = "Mailer.Repository.Interface.WS", "Mailer.Repository.Interface.WS\Mailer.Repository.Interface.WS.csproj", "{FEF77424-8FD6-44A3-8551-34BAD954C456}"
EndProject
Global
	GlobalSection(SolutionConfigurationPlatforms) = preSolution
		Debug|Any CPU = Debug|Any CPU
		Release|Any CPU = Release|Any CPU
	EndGlobalSection
	GlobalSection(ProjectConfigurationPlatforms) = postSolution
		{DDBD19B4-FAD8-4BA6-92C6-84AE555D2C00}.Debug|Any CPU.ActiveCfg = Debug|Any CPU
		{DDBD19B4-FAD8-4BA6-92C6-84AE555D2C00}.Debug|Any CPU.Build.0 = Debug|Any CPU
		{DDBD19B4-FAD8-4BA6-92C6-84AE555D2C00}.Release|Any CPU.ActiveCfg = Release|Any CPU
		{DDBD19B4-FAD8-4BA6-92C6-84AE555D2C00}.Release|Any CPU.Build.0 = Release|Any CPU
		{4DDE4D57-2D2D-4041-87FF-1000722D5B00}.Debug|Any CPU.ActiveCfg = Debug|Any CPU
		{4DDE4D57-2D2D-4041-87FF-1000722D5B00}.Debug|Any CPU.Build.0 = Debug|Any CPU
		{4DDE4D57-2D2D-4041-87FF-1000722D5B00}.Release|Any CPU.ActiveCfg = Release|Any CPU
		{4DDE4D57-2D2D-4041-87FF-1000722D5B00}.Release|Any CPU.Build.0 = Release|Any CPU
		{C6AB35C1-E665-4499-903C-5989C09379CC}.Debug|Any CPU.ActiveCfg = Debug|Any CPU
		{C6AB35C1-E665-4499-903C-5989C09379CC}.Debug|Any CPU.Build.0 = Debug|Any CPU
		{C6AB35C1-E665-4499-903C-5989C09379CC}.Release|Any CPU.ActiveCfg = Release|Any CPU
		{C6AB35C1-E665-4499-903C-5989C09379CC}.Release|Any CPU.Build.0 = Release|Any CPU
		{12F86E05-268B-4E11-9BF5-C557EA346F5C}.Debug|Any CPU.ActiveCfg = Debug|Any CPU
		{12F86E05-268B-4E11-9BF5-C557EA346F5C}.Debug|Any CPU.Build.0 = Debug|Any CPU
		{12F86E05-268B-4E11-9BF5-C557EA346F5C}.Release|Any CPU.ActiveCfg = Release|Any CPU
		{12F86E05-268B-4E11-9BF5-C557EA346F5C}.Release|Any CPU.Build.0 = Release|Any CPU
		{2CCBB105-310C-4921-B385-677784DD1895}.Debug|Any CPU.ActiveCfg = Debug|Any CPU
		{2CCBB105-310C-4921-B385-677784DD1895}.Debug|Any CPU.Build.0 = Debug|Any CPU
		{2CCBB105-310C-4921-B385-677784DD1895}.Release|Any CPU.ActiveCfg = Release|Any CPU
		{2CCBB105-310C-4921-B385-677784DD1895}.Release|Any CPU.Build.0 = Release|Any CPU
		{78D45351-ED35-4329-A702-9EF811EC25BA}.Debug|Any CPU.ActiveCfg = Debug|Any CPU
		{78D45351-ED35-4329-A702-9EF811EC25BA}.Debug|Any CPU.Build.0 = Debug|Any CPU
		{78D45351-ED35-4329-A702-9EF811EC25BA}.Release|Any CPU.ActiveCfg = Release|Any CPU
		{78D45351-ED35-4329-A702-9EF811EC25BA}.Release|Any CPU.Build.0 = Release|Any CPU
		{4EEC0287-5B89-497C-8BE7-AFB77E589ACA}.Debug|Any CPU.ActiveCfg = Debug|Any CPU
		{4EEC0287-5B89-497C-8BE7-AFB77E589ACA}.Debug|Any CPU.Build.0 = Debug|Any CPU
		{4EEC0287-5B89-497C-8BE7-AFB77E589ACA}.Release|Any CPU.ActiveCfg = Release|Any CPU
		{4EEC0287-5B89-497C-8BE7-AFB77E589ACA}.Release|Any CPU.Build.0 = Release|Any CPU
		{96E29C2E-0044-4590-A73D-5003263F4C94}.Debug|Any CPU.ActiveCfg = Debug|Any CPU
		{96E29C2E-0044-4590-A73D-5003263F4C94}.Debug|Any CPU.Build.0 = Debug|Any CPU
		{96E29C2E-0044-4590-A73D-5003263F4C94}.Release|Any CPU.ActiveCfg = Release|Any CPU
		{96E29C2E-0044-4590-A73D-5003263F4C94}.Release|Any CPU.Build.0 = Release|Any CPU
		{E6929BD7-C686-4E6C-9426-818D0CF5E307}.Debug|Any CPU.ActiveCfg = Debug|Any CPU
		{E6929BD7-C686-4E6C-9426-818D0CF5E307}.Debug|Any CPU.Build.0 = Debug|Any CPU
		{E6929BD7-C686-4E6C-9426-818D0CF5E307}.Release|Any CPU.ActiveCfg = Release|Any CPU
		{E6929BD7-C686-4E6C-9426-818D0CF5E307}.Release|Any CPU.Build.0 = Release|Any CPU
		{B1F56D0B-C68A-48FE-BFDF-7DA085C8F300}.Debug|Any CPU.ActiveCfg = Debug|Any CPU
		{B1F56D0B-C68A-48FE-BFDF-7DA085C8F300}.Debug|Any CPU.Build.0 = Debug|Any CPU
		{B1F56D0B-C68A-48FE-BFDF-7DA085C8F300}.Release|Any CPU.ActiveCfg = Release|Any CPU
		{B1F56D0B-C68A-48FE-BFDF-7DA085C8F300}.Release|Any CPU.Build.0 = Release|Any CPU
		{22423F27-D00C-41E3-9F95-037FA3DC1969}.Debug|Any CPU.ActiveCfg = Debug|Any CPU
		{22423F27-D00C-41E3-9F95-037FA3DC1969}.Debug|Any CPU.Build.0 = Debug|Any CPU
		{22423F27-D00C-41E3-9F95-037FA3DC1969}.Release|Any CPU.ActiveCfg = Release|Any CPU
		{22423F27-D00C-41E3-9F95-037FA3DC1969}.Release|Any CPU.Build.0 = Release|Any CPU
		{861C178C-3433-428E-8E5D-33B13FE3D311}.Debug|Any CPU.ActiveCfg = Debug|Any CPU
		{861C178C-3433-428E-8E5D-33B13FE3D311}.Debug|Any CPU.Build.0 = Debug|Any CPU
		{861C178C-3433-428E-8E5D-33B13FE3D311}.Release|Any CPU.ActiveCfg = Release|Any CPU
		{861C178C-3433-428E-8E5D-33B13FE3D311}.Release|Any CPU.Build.0 = Release|Any CPU
		{7CA26E32-FA60-45F1-960F-24EB02CBDE4D}.Debug|Any CPU.ActiveCfg = Debug|Any CPU
		{7CA26E32-FA60-45F1-960F-24EB02CBDE4D}.Debug|Any CPU.Build.0 = Debug|Any CPU
		{7CA26E32-FA60-45F1-960F-24EB02CBDE4D}.Release|Any CPU.ActiveCfg = Release|Any CPU
		{7CA26E32-FA60-45F1-960F-24EB02CBDE4D}.Release|Any CPU.Build.0 = Release|Any CPU
		{994B8886-F04A-4F60-B57F-2E3D0BA460D5}.Debug|Any CPU.ActiveCfg = Debug|Any CPU
		{994B8886-F04A-4F60-B57F-2E3D0BA460D5}.Debug|Any CPU.Build.0 = Debug|Any CPU
		{994B8886-F04A-4F60-B57F-2E3D0BA460D5}.Release|Any CPU.ActiveCfg = Release|Any CPU
		{994B8886-F04A-4F60-B57F-2E3D0BA460D5}.Release|Any CPU.Build.0 = Release|Any CPU
		{A5D636C6-59D5-491A-91FD-67B609ED8CEB}.Debug|Any CPU.ActiveCfg = Debug|Any CPU
		{A5D636C6-59D5-491A-91FD-67B609ED8CEB}.Debug|Any CPU.Build.0 = Debug|Any CPU
		{A5D636C6-59D5-491A-91FD-67B609ED8CEB}.Release|Any CPU.ActiveCfg = Release|Any CPU
		{A5D636C6-59D5-491A-91FD-67B609ED8CEB}.Release|Any CPU.Build.0 = Release|Any CPU
		{671B0EB1-3D8F-4218-BFC2-F4ED3714F176}.Debug|Any CPU.ActiveCfg = Debug|Any CPU
		{671B0EB1-3D8F-4218-BFC2-F4ED3714F176}.Debug|Any CPU.Build.0 = Debug|Any CPU
		{671B0EB1-3D8F-4218-BFC2-F4ED3714F176}.Release|Any CPU.ActiveCfg = Release|Any CPU
		{671B0EB1-3D8F-4218-BFC2-F4ED3714F176}.Release|Any CPU.Build.0 = Release|Any CPU
		{FEF77424-8FD6-44A3-8551-34BAD954C456}.Debug|Any CPU.ActiveCfg = Debug|Any CPU
		{FEF77424-8FD6-44A3-8551-34BAD954C456}.Debug|Any CPU.Build.0 = Debug|Any CPU
		{FEF77424-8FD6-44A3-8551-34BAD954C456}.Release|Any CPU.ActiveCfg = Release|Any CPU
		{FEF77424-8FD6-44A3-8551-34BAD954C456}.Release|Any CPU.Build.0 = Release|Any CPU
	EndGlobalSection
	GlobalSection(SolutionProperties) = preSolution
		HideSolutionNode = FALSE
	EndGlobalSection
	GlobalSection(NestedProjects) = preSolution
		{DDBD19B4-FAD8-4BA6-92C6-84AE555D2C00} = {CFEFB37F-979D-40ED-ADDA-FB663A2C13F3}
		{4DDE4D57-2D2D-4041-87FF-1000722D5B00} = {830F8AE3-0AD3-49EC-BA55-63E406078D81}
		{C6AB35C1-E665-4499-903C-5989C09379CC} = {830F8AE3-0AD3-49EC-BA55-63E406078D81}
		{12F86E05-268B-4E11-9BF5-C557EA346F5C} = {502E2238-B034-4FA1-80D3-649D72A578D6}
		{2CCBB105-310C-4921-B385-677784DD1895} = {4CA5D615-109C-46CA-9385-80D10A0BA6C8}
		{78D45351-ED35-4329-A702-9EF811EC25BA} = {4CA5D615-109C-46CA-9385-80D10A0BA6C8}
		{4EEC0287-5B89-497C-8BE7-AFB77E589ACA} = {8D60876B-2515-4532-B234-9650006FB214}
		{96E29C2E-0044-4590-A73D-5003263F4C94} = {8D60876B-2515-4532-B234-9650006FB214}
		{E6929BD7-C686-4E6C-9426-818D0CF5E307} = {3DF2E0A0-A33A-4B8F-A2A4-B785EE8BE5FA}
		{B1F56D0B-C68A-48FE-BFDF-7DA085C8F300} = {3B3CCF2A-E7CB-41BB-9EE8-C0FF3EEA9206}
		{22423F27-D00C-41E3-9F95-037FA3DC1969} = {3B3CCF2A-E7CB-41BB-9EE8-C0FF3EEA9206}
		{861C178C-3433-428E-8E5D-33B13FE3D311} = {3797EC80-7FC5-46DD-9192-122E870DBA32}
		{7CA26E32-FA60-45F1-960F-24EB02CBDE4D} = {3797EC80-7FC5-46DD-9192-122E870DBA32}
		{994B8886-F04A-4F60-B57F-2E3D0BA460D5} = {502E2238-B034-4FA1-80D3-649D72A578D6}
		{A5D636C6-59D5-491A-91FD-67B609ED8CEB} = {502E2238-B034-4FA1-80D3-649D72A578D6}
		{671B0EB1-3D8F-4218-BFC2-F4ED3714F176} = {3797EC80-7FC5-46DD-9192-122E870DBA32}
		{FEF77424-8FD6-44A3-8551-34BAD954C456} = {3797EC80-7FC5-46DD-9192-122E870DBA32}
	EndGlobalSection
	GlobalSection(ExtensibilityGlobals) = postSolution
		SolutionGuid = {7BE7B836-035C-46B3-A82E-39FFA6C8A094}
	EndGlobalSection
EndGlobal
